
Microsoft Visual Studio Solution File, Format Version 12.00
# Visual Studio Version 17
VisualStudioVersion = 17.1.32328.378
MinimumVisualStudioVersion = 10.0.40219.1
Project("{FAE04EC0-301F-11D3-BF4B-00C04F79EFBC}") = "WpfApp6", "WpfApp6\WpfApp6.csproj", "{38E55210-8C9A-4E40-90CF-86C2744F3958}"
EndProject
Global
	GlobalSection(SolutionConfigurationPlatforms) = preSolution
		Debug|Any CPU = Debug|Any CPU
		Release|Any CPU = Release|Any CPU
	EndGlobalSection
	GlobalSection(ProjectConfigurationPlatforms) = postSolution
		{38E55210-8C9A-4E40-90CF-86C2744F3958}.Debug|Any CPU.ActiveCfg = Debug|Any CPU
		{38E55210-8C9A-4E40-90CF-86C2744F3958}.Debug|Any CPU.Build.0 = Debug|Any CPU
		{38E55210-8C9A-4E40-90CF-86C2744F3958}.Release|Any CPU.ActiveCfg = Release|Any CPU
		{38E55210-8C9A-4E40-90CF-86C2744F3958}.Release|Any CPU.Build.0 = Release|Any CPU
	EndGlobalSection
	GlobalSection(SolutionProperties) = preSolution
		HideSolutionNode = FALSE
	EndGlobalSection
	GlobalSection(ExtensibilityGlobals) = postSolution
		SolutionGuid = {E07268AF-6847-4C76-8B4C-744E482CC42B}
	EndGlobalSection
EndGlobal
